
Microsoft Visual Studio Solution File, Format Version 12.00
# Visual Studio 15
VisualStudioVersion = 15.0.27130.2027
MinimumVisualStudioVersion = 10.0.40219.1
Project("{FAE04EC0-301F-11D3-BF4B-00C04F79EFBC}") = "CSFileRead", "CSFileRead\CSFileRead.csproj", "{940B20A6-DD06-4741-8595-8F7714FF42CF}"
EndProject
Global
	GlobalSection(SolutionConfigurationPlatforms) = preSolution
		Debug|Any CPU = Debug|Any CPU
		Release|Any CPU = Release|Any CPU
	EndGlobalSection
	GlobalSection(ProjectConfigurationPlatforms) = postSolution
		{940B20A6-DD06-4741-8595-8F7714FF42CF}.Debug|Any CPU.ActiveCfg = Debug|Any CPU
		{940B20A6-DD06-4741-8595-8F7714FF42CF}.Debug|Any CPU.Build.0 = Debug|Any CPU
		{940B20A6-DD06-4741-8595-8F7714FF42CF}.Release|Any CPU.ActiveCfg = Release|Any CPU
		{940B20A6-DD06-4741-8595-8F7714FF42CF}.Release|Any CPU.Build.0 = Release|Any CPU
	EndGlobalSection
	GlobalSection(SolutionProperties) = preSolution
		HideSolutionNode = FALSE
	EndGlobalSection
	GlobalSection(ExtensibilityGlobals) = postSolution
		SolutionGuid = {AEB7B89A-2612-4932-BBC8-1B4A3DA8A68C}
	EndGlobalSection
EndGlobal
